
Microsoft Visual Studio Solution File, Format Version 12.00
# Visual Studio Version 17
VisualStudioVersion = 17.9.34714.143
MinimumVisualStudioVersion = 10.0.40219.1
Project("{FAE04EC0-301F-11D3-BF4B-00C04F79EFBC}") = "ProductosCRUD", "ProductosCRUD\ProductosCRUD.csproj", "{27AE967E-C995-43D2-A303-56A5DD754805}"
EndProject
Global
	GlobalSection(SolutionConfigurationPlatforms) = preSolution
		Debug|Any CPU = Debug|Any CPU
		Release|Any CPU = Release|Any CPU
	EndGlobalSection
	GlobalSection(ProjectConfigurationPlatforms) = postSolution
		{27AE967E-C995-43D2-A303-56A5DD754805}.Debug|Any CPU.ActiveCfg = Debug|Any CPU
		{27AE967E-C995-43D2-A303-56A5DD754805}.Debug|Any CPU.Build.0 = Debug|Any CPU
		{27AE967E-C995-43D2-A303-56A5DD754805}.Release|Any CPU.ActiveCfg = Release|Any CPU
		{27AE967E-C995-43D2-A303-56A5DD754805}.Release|Any CPU.Build.0 = Release|Any CPU
	EndGlobalSection
	GlobalSection(SolutionProperties) = preSolution
		HideSolutionNode = FALSE
	EndGlobalSection
	GlobalSection(ExtensibilityGlobals) = postSolution
		SolutionGuid = {CCDD4CEC-04DE-4E52-B451-ED94FB8931F2}
	EndGlobalSection
EndGlobal
